
Microsoft Visual Studio Solution File, Format Version 12.00
# Visual Studio Version 17
VisualStudioVersion = 17.10.35004.147
MinimumVisualStudioVersion = 10.0.40219.1
Project("{8BC9CEB8-8B4A-11D0-8D11-00A0C91BC942}") = "Xone", "Xone\Xone.vcxproj", "{EBC0D90B-7603-42EA-95DD-5483A47ED95D}"
EndProject
Project("{8BC9CEB8-8B4A-11D0-8D11-00A0C91BC942}") = "Test", "Test\Test.vcxproj", "{012ECB33-6604-4BCD-BD8C-E3ECD2478CE6}"
EndProject
Project("{2150E333-8FDC-42A3-9474-1A3956D46DE8}") = "GX_Libraries", "GX_Libraries", "{D8F6AE9E-D504-42BF-9978-ED93D4153716}"
EndProject
Project("{8BC9CEB8-8B4A-11D0-8D11-00A0C91BC942}") = "Main", "Main\Main.vcxproj", "{8AD45FE0-1759-40BC-9A3C-71F88FF303EF}"
EndProject
Global
	GlobalSection(SolutionConfigurationPlatforms) = preSolution
		Debug|x64 = Debug|x64
		Debug|x86 = Debug|x86
		Release|x64 = Release|x64
		Release|x86 = Release|x86
	EndGlobalSection
	GlobalSection(ProjectConfigurationPlatforms) = postSolution
		{EBC0D90B-7603-42EA-95DD-5483A47ED95D}.Debug|x64.ActiveCfg = Debug|x64
		{EBC0D90B-7603-42EA-95DD-5483A47ED95D}.Debug|x64.Build.0 = Debug|x64
		{EBC0D90B-7603-42EA-95DD-5483A47ED95D}.Debug|x86.ActiveCfg = Debug|Win32
		{EBC0D90B-7603-42EA-95DD-5483A47ED95D}.Debug|x86.Build.0 = Debug|Win32
		{EBC0D90B-7603-42EA-95DD-5483A47ED95D}.Release|x64.ActiveCfg = Release|x64
		{EBC0D90B-7603-42EA-95DD-5483A47ED95D}.Release|x64.Build.0 = Release|x64
		{EBC0D90B-7603-42EA-95DD-5483A47ED95D}.Release|x86.ActiveCfg = Release|Win32
		{EBC0D90B-7603-42EA-95DD-5483A47ED95D}.Release|x86.Build.0 = Release|Win32
		{012ECB33-6604-4BCD-BD8C-E3ECD2478CE6}.Debug|x64.ActiveCfg = Debug|x64
		{012ECB33-6604-4BCD-BD8C-E3ECD2478CE6}.Debug|x64.Build.0 = Debug|x64
		{012ECB33-6604-4BCD-BD8C-E3ECD2478CE6}.Debug|x86.ActiveCfg = Debug|Win32
		{012ECB33-6604-4BCD-BD8C-E3ECD2478CE6}.Debug|x86.Build.0 = Debug|Win32
		{012ECB33-6604-4BCD-BD8C-E3ECD2478CE6}.Release|x64.ActiveCfg = Release|x64
		{012ECB33-6604-4BCD-BD8C-E3ECD2478CE6}.Release|x64.Build.0 = Release|x64
		{012ECB33-6604-4BCD-BD8C-E3ECD2478CE6}.Release|x86.ActiveCfg = Release|Win32
		{012ECB33-6604-4BCD-BD8C-E3ECD2478CE6}.Release|x86.Build.0 = Release|Win32
		{8AD45FE0-1759-40BC-9A3C-71F88FF303EF}.Debug|x64.ActiveCfg = Debug|x64
		{8AD45FE0-1759-40BC-9A3C-71F88FF303EF}.Debug|x64.Build.0 = Debug|x64
		{8AD45FE0-1759-40BC-9A3C-71F88FF303EF}.Debug|x86.ActiveCfg = Debug|Win32
		{8AD45FE0-1759-40BC-9A3C-71F88FF303EF}.Debug|x86.Build.0 = Debug|Win32
		{8AD45FE0-1759-40BC-9A3C-71F88FF303EF}.Release|x64.ActiveCfg = Release|x64
		{8AD45FE0-1759-40BC-9A3C-71F88FF303EF}.Release|x64.Build.0 = Release|x64
		{8AD45FE0-1759-40BC-9A3C-71F88FF303EF}.Release|x86.ActiveCfg = Release|Win32
		{8AD45FE0-1759-40BC-9A3C-71F88FF303EF}.Release|x86.Build.0 = Release|Win32
	EndGlobalSection
	GlobalSection(SolutionProperties) = preSolution
		HideSolutionNode = FALSE
	EndGlobalSection
	GlobalSection(NestedProjects) = preSolution
		{EBC0D90B-7603-42EA-95DD-5483A47ED95D} = {D8F6AE9E-D504-42BF-9978-ED93D4153716}
	EndGlobalSection
	GlobalSection(ExtensibilityGlobals) = postSolution
		SolutionGuid = {1A973D5C-8ABC-476F-82AA-8FF4EB4B3939}
	EndGlobalSection
EndGlobal
